
Microsoft Visual Studio Solution File, Format Version 12.00
# Visual Studio Version 16
VisualStudioVersion = 16.0.30804.86
MinimumVisualStudioVersion = 10.0.40219.1
Project("{FAE04EC0-301F-11D3-BF4B-00C04F79EFBC}") = "Migraciones", "Migraciones.csproj", "{587F6E17-63FA-4451-949F-EC9DA187F287}"
EndProject
Global
	GlobalSection(SolutionConfigurationPlatforms) = preSolution
		Debug|Any CPU = Debug|Any CPU
		Release|Any CPU = Release|Any CPU
	EndGlobalSection
	GlobalSection(ProjectConfigurationPlatforms) = postSolution
		{587F6E17-63FA-4451-949F-EC9DA187F287}.Debug|Any CPU.ActiveCfg = Debug|Any CPU
		{587F6E17-63FA-4451-949F-EC9DA187F287}.Debug|Any CPU.Build.0 = Debug|Any CPU
		{587F6E17-63FA-4451-949F-EC9DA187F287}.Release|Any CPU.ActiveCfg = Release|Any CPU
		{587F6E17-63FA-4451-949F-EC9DA187F287}.Release|Any CPU.Build.0 = Release|Any CPU
	EndGlobalSection
	GlobalSection(SolutionProperties) = preSolution
		HideSolutionNode = FALSE
	EndGlobalSection
	GlobalSection(ExtensibilityGlobals) = postSolution
		SolutionGuid = {DCCAEAE9-337A-427E-AF70-D42EAB8980F8}
	EndGlobalSection
EndGlobal
